
Microsoft Visual Studio Solution File, Format Version 12.00
# Visual Studio Version 17
VisualStudioVersion = 17.8.34316.72
MinimumVisualStudioVersion = 10.0.40219.1
Project("{FAE04EC0-301F-11D3-BF4B-00C04F79EFBC}") = "Softst", "Softst.csproj", "{EFDFB4BB-77F6-4AB7-BA5E-69162E0B603F}"
EndProject
Global
	GlobalSection(SolutionConfigurationPlatforms) = preSolution
		Debug|Any CPU = Debug|Any CPU
		Release|Any CPU = Release|Any CPU
	EndGlobalSection
	GlobalSection(ProjectConfigurationPlatforms) = postSolution
		{EFDFB4BB-77F6-4AB7-BA5E-69162E0B603F}.Debug|Any CPU.ActiveCfg = Debug|Any CPU
		{EFDFB4BB-77F6-4AB7-BA5E-69162E0B603F}.Debug|Any CPU.Build.0 = Debug|Any CPU
		{EFDFB4BB-77F6-4AB7-BA5E-69162E0B603F}.Release|Any CPU.ActiveCfg = Release|Any CPU
		{EFDFB4BB-77F6-4AB7-BA5E-69162E0B603F}.Release|Any CPU.Build.0 = Release|Any CPU
	EndGlobalSection
	GlobalSection(SolutionProperties) = preSolution
		HideSolutionNode = FALSE
	EndGlobalSection
	GlobalSection(ExtensibilityGlobals) = postSolution
		SolutionGuid = {9293D2C4-44EF-4C09-95B3-C61905EAE6DB}
	EndGlobalSection
EndGlobal
